Microsoft Visual Studio Solution File, Format Version 12.00
# Visual Studio Version 17
VisualStudioVersion = 17.5.2.0
MinimumVisualStudioVersion = 10.0.40219.1
Project("{FAE04EC0-301F-11D3-BF4B-00C04F79EFBC}") = "document-frontend", "document-frontend.csproj", "{24425DB6-96B5-C353-D788-645EAEB5E566}"
EndProject
Global
	GlobalSection(SolutionConfigurationPlatforms) = preSolution
		Debug|Any CPU = Debug|Any CPU
		Release|Any CPU = Release|Any CPU
	EndGlobalSection
	GlobalSection(ProjectConfigurationPlatforms) = postSolution
		{24425DB6-96B5-C353-D788-645EAEB5E566}.Debug|Any CPU.ActiveCfg = Debug|Any CPU
		{24425DB6-96B5-C353-D788-645EAEB5E566}.Debug|Any CPU.Build.0 = Debug|Any CPU
		{24425DB6-96B5-C353-D788-645EAEB5E566}.Release|Any CPU.ActiveCfg = Release|Any CPU
		{24425DB6-96B5-C353-D788-645EAEB5E566}.Release|Any CPU.Build.0 = Release|Any CPU
	EndGlobalSection
	GlobalSection(SolutionProperties) = preSolution
		HideSolutionNode = FALSE
	EndGlobalSection
	GlobalSection(ExtensibilityGlobals) = postSolution
		SolutionGuid = {6D0C34A2-0139-4880-B56E-2A471569EB01}
	EndGlobalSection
EndGlobal
